version = 1
revision = 3
requires-python = ">=3.14.7"

[options]
exclude-newer = "0001-01-01T00:00:00Z" # This has no effect and is included for backwards compatibility when using relative exclude-newer values.
exclude-newer-span = "P3D"

[[package]]
name = "annotated-doc"
version = "0.0.4"
source = { registry = "https://pypi.org/simple" }
sdist = { url = "https://files.pythonhosted.org/packages/57/ba/046ceea27344560984e26a590f90bc7f4a75b06701f653222458922b558c/annotated_doc-0.0.4.tar.gz", hash = "sha256:fbcda96e87e9c92ad167c2e53839e57503ecfda18804ea28102353485033faa4", size = 7288, upload-time = "2025-11-10T22:07:42.062Z" }
wheels = [
    { url = "https://files.pythonhosted.org/packages/1e/d3/26bf1008eb3d2daa8ef4cacc7f3bfdc11818d111f7e2d0201bc6e3b49d45/annotated_doc-0.0.4-py3-none-any.whl", hash = "sha256:571ac1dc6991c450b25a9c2d84a3705e2ae7a53467b5d111c24fa8baabbed320", size = 5303, upload-time = "2025-11-10T22:07:40.673Z" },
]

[[package]]
name = "colorama"
version = "0.4.6"
source = { registry = "https://pypi.org/simple" }
sdist = { url = "https://files.pythonhosted.org/packages/d8/53/6f443c9a4a8358a93a6792e2acffb9d9d5cb0a5cfd8802644b7b1c9a02e4/colorama-0.4.6.tar.gz", hash = "sha256:08695f5cb7ed6e0531a20572697297273c47b8cae5a63ffc6d6ed5c201be6e44", size = 27697, upload-time = "2022-10-25T02:36:22.414Z" }
wheels = [
    { url = "https://files.pythonhosted.org/packages/d1/d6/3965ed04c63042e047cb6a3e6ed1a63a35087b6a609aa3a15ed8ac56c221/colorama-0.4.6-py2.py3-none-any.whl", hash = "sha256:4f1d9991f5acc0ca119f9d443620b77f9d6b33703e51011c16baf57afb285fc6", size = 25335, upload-time = "2022-10-25T02:36:20.889Z" },
]

[[package]]
name = "markdown-it-py"
version = "4.0.0"
source = { registry = "https://pypi.org/simple" }
dependencies = [
    { name = "mdurl" },
]
sdist = { url = "https://files.pythonhosted.org/packages/5b/f5/4ec618ed16cc4f8fb3b701563655a69816155e79e24a17b651541804721d/markdown_it_py-4.0.0.tar.gz", hash = "sha256:cb0a2b4aa34f932c007117b194e945bd74e0ec24133ceb5bac59009cda1cb9f3", size = 73070, upload-time = "2025-08-11T12:57:52.854Z" }
wheels = [
    { url = "https://files.pythonhosted.org/packages/94/54/e7d793b573f298e1c9013b8c4dade17d481164aa517d1d7148619c2cedbf/markdown_it_py-4.0.0-py3-none-any.whl", hash = "sha256:87327c59b172c5011896038353a81343b6754500a08cd7a4973bb48c6d578147", size = 87321, upload-time = "2025-08-11T12:57:51.923Z" },
]

[[package]]
name = "mdurl"
version = "0.1.2"
source = { registry = "https://pypi.org/simple" }
sdist = { url = "https://files.pythonhosted.org/packages/d6/54/cfe61301667036ec958cb99bd3efefba235e65cdeb9c84d24a8293ba1d90/mdurl-0.1.2.tar.gz", hash = "sha256:bb413d29f5eea38f31dd4754dd7377d4465116fb207585f97bf925588687c1ba", size = 8729, upload-time = "2022-08-14T12:40:10.846Z" }
wheels = [
    { url = "https://files.pythonhosted.org/packages/b3/38/89ba8ad64ae25be8de66a6d463314cf1eb366222074cfda9ee839c56a4b4/mdurl-0.1.2-py3-none-any.whl", hash = "sha256:84008a41e51615a49fc9966191ff91509e3c40b939176e643fd50a5c2196b8f8", size = 9979, upload-time = "2022-08-14T12:40:09.779Z" },
]

[[package]]
name = "pygments"
version = "2.19.2"
source = { registry = "https://pypi.org/simple" }
sdist = { url = "https://files.pythonhosted.org/packages/b0/77/a5b8c569bf593b0140bde72ea885a803b82086995367bf2037de0159d924/pygments-2.19.2.tar.gz", hash = "sha256:636cb2477cec7f8952536970bc533bc43743542f70392ae026374600add5b887", size = 4968631, upload-time = "2025-06-21T13:39:12.283Z" }
wheels = [
    { url = "https://files.pythonhosted.org/packages/c7/21/705964c7812476f378728bdf590ca4b771ec72385c533964653c68e86bdc/pygments-2.19.2-py3-none-any.whl", hash = "sha256:86540386c03d588bb81d44bc3928634ff26449851e99741617ecb9037ee5ec0b", size = 1225217, upload-time = "2025-06-21T13:39:07.939Z" },
]

[[package]]
name = "rich"
version = "14.3.3"
source = { registry = "https://pypi.org/simple" }
dependencies = [
    { name = "markdown-it-py" },
    { name = "pygments" },
]
sdist = { url = "https://files.pythonhosted.org/packages/b3/c6/f3b320c27991c46f43ee9d856302c70dc2d0fb2dba4842ff739d5f46b393/rich-14.3.3.tar.gz", hash = "sha256:b8daa0b9e4eef54dd8cf7c86c03713f53241884e814f4e2f5fb342fe520f639b", size = 230582, upload-time = "2026-02-19T17:23:12.474Z" }
wheels = [
    { url = "https://files.pythonhosted.org/packages/14/25/b208c5683343959b670dc001595f2f3737e051da617f66c31f7c4fa93abc/rich-14.3.3-py3-none-any.whl", hash = "sha256:793431c1f8619afa7d3b52b2cdec859562b950ea0d4b6b505397612db8d5362d", size = 310458, upload-time = "2026-02-19T17:23:13.732Z" },
]

[[package]]
name = "ruff"
version = "0.16.4"
source = { registry = "https://pypi.org/simple" }
sdist = { url = "https://files.pythonhosted.org/packages/00/8f/d8074b1f25e003164087a8bfe79a0f1a3945135764dbb6aaab04103dcaf9/ruff-0.16.4.tar.gz", hash = "sha256:13171aa9d9af2240ee3504e639de73122c67e74036de5ba2e1d01422cd17e3dc", size = 4899731, upload-time = "2026-08-20T17:43:59.196Z" }
wheels = [
    { url = "https://files.pythonhosted.org/packages/ff/80/779895ef584e089d22f2c6df0d0e99a65ec2df0805f1fffd439415b8c1f0/ruff-0.16.4-py3-none-linux_armv6l.whl", hash = "sha256:df4075f71ddac40b9934af60c3ec8a53047dd5a5fdc43224e6e4e8e9a27cb6f7", size = 10006909, upload-time = "2026-08-20T17:43:16.888Z" },
    { url = "https://files.pythonhosted.org/packages/a9/e6/f553199b5e8927a05cb5c422d921fd0656b29ab976e91c44802107c6b0da/ruff-0.16.4-py3-none-macosx_10_12_x86_64.whl", hash = "sha256:0c95538517af68004306b0fb3214ff2f2af67a65092aee77cd9eb86db6656604", size = 10240201, upload-time = "2026-08-20T17:43:19.337Z" },
    { url = "https://files.pythonhosted.org/packages/1c/70/4a6dc4bb34da4dee35e30f09bbd1bfbdd26f33b62fb9b8df31f08a199cd2/ruff-0.16.4-py3-none-macosx_11_0_arm64.whl", hash = "sha256:963f83df8e69e575b64d67dd447ebbc917db41a14bf38d4593a4183e7aaa8255", size = 9835122, upload-time = "2026-08-20T17:43:21.708Z" },
    { url = "https://files.pythonhosted.org/packages/24/12/c6e22d686372c15bcb7af99831f1a1be96df696491babf4f24e4f942c527/ruff-0.16.4-py3-none-manylinux_2_17_aarch64.manylinux2014_aarch64.whl", hash = "sha256:32a5057c7ff3f6e6480a48fccfb3a412a690f48a3d03ac5cf08177d6c2da3ade", size = 9977162, upload-time = "2026-08-20T17:43:24.236Z" },
    { url = "https://files.pythonhosted.org/packages/46/49/72b10ec912f5ab5854992eaf7aa7cd36729b6937d9dc4e0fb41b3bf428ec/ruff-0.16.4-py3-none-manylinux_2_17_armv7l.manylinux2014_armv7l.whl", hash = "sha256:b3dce8d9b0c57c265b91885a66a567d8ea1372e8eb4e250fa8e5e3f579e99cff", size = 9829789, upload-time = "2026-08-20T17:43:26.966Z" },
    { url = "https://files.pythonhosted.org/packages/fa/80/0f30e32e7f6ee26edc39075502db9d368d788a44a79b55f763eb4ab03796/ruff-0.16.4-py3-none-manylinux_2_17_i686.manylinux2014_i686.whl", hash = "sha256:7dc651db49283c69f8e72c834eec4fe5573e4c646856aebece0ce385dceb2a80", size = 10527949, upload-time = "2026-08-20T17:43:29.384Z" },
    { url = "https://files.pythonhosted.org/packages/52/3d/86e8ad3542169e56cac3859a343afdb9df2ad54d35a59ce1e67baee83421/ruff-0.16.4-py3-none-manylinux_2_17_ppc64le.manylinux2014_ppc64le.whl", hash = "sha256:3817b87dbcabc92f13b05019257c5b89b5b4d51b5fb20f56fb5235ceb723cd07", size = 11333695, upload-time = "2026-08-20T17:43:31.872Z" },
    { url = "https://files.pythonhosted.org/packages/d0/16/481c29b380c20a0054a8261066665e1b3488e23636c49d0a43e75975b9bb/ruff-0.16.4-py3-none-manylinux_2_17_s390x.manylinux2014_s390x.whl", hash = "sha256:e9fce1499134b2c8c68e5166f95705a5812062bb93aacc5f9873bb1a27084bc7", size = 10727741, upload-time = "2026-08-20T17:43:34.596Z" },
    { url = "https://files.pythonhosted.org/packages/5e/b6/56bc0b8cf45b54b28b3a5e6381c8945d51b5b18adf659454c32295209a31/ruff-0.16.4-py3-none-manylinux_2_17_x86_64.manylinux2014_x86_64.whl", hash = "sha256:f2d812e482f5a7e02eee26cd73d2a37ebbdf47d795ea63ba1b89110ae93e9fb3", size = 10286522, upload-time = "2026-08-20T17:43:37.288Z" },
    { url = "https://files.pythonhosted.org/packages/e8/8b/b345b4fb110f2fbe2bd31eabd271e5e8b3b7e4ee6c0e02f2dc6be78db000/ruff-0.16.4-py3-none-manylinux_2_31_riscv64.whl", hash = "sha256:6baaf984aa7976edf93d3b627fe2d1d22ee94bbca05fa6f90fc76d73924e3454", size = 10584182, upload-time = "2026-08-20T17:43:39.984Z" },
    { url = "https://files.pythonhosted.org/packages/29/e5/827b34041c35f58774a9681a4213994c164fc987800f4dddabcf451da0bf/ruff-0.16.4-py3-none-musllinux_1_2_aarch64.whl", hash = "sha256:bdfcf0b28662eb890372d50f92c283bb94e67e7635ed93c7fd533970acff7b2b", size = 10134195, upload-time = "2026-08-20T17:43:42.351Z" },
    { url = "https://files.pythonhosted.org/packages/0f/10/d0bffcdd6729b87afc82ba0ef377173356a7dc8e972f5179968cf2fdf98c/ruff-0.16.4-py3-none-musllinux_1_2_armv7l.whl", hash = "sha256:b66b02cb9b04f537643cadf5768e5f98dc461890d530cb67113d71c8c76e605d", size = 9825821, upload-time = "2026-08-20T17:43:44.532Z" },
    { url = "https://files.pythonhosted.org/packages/f5/32/0db2a863b796ca62d83e92a07a3ccf00921b14db02059347576a2fda3d4b/ruff-0.16.4-py3-none-musllinux_1_2_i686.whl", hash = "sha256:8528bf9a4b291a60bf02ea453511e8ce6215bd2b982ee80405b66b008b6c30a0", size = 10267658, upload-time = "2026-08-20T17:43:46.989Z" },
    { url = "https://files.pythonhosted.org/packages/b2/a0/fbdeb59e48c6261f523e56c8f12e9c08fbe693786595cc7e3959207a9232/ruff-0.16.4-py3-none-musllinux_1_2_x86_64.whl", hash = "sha256:fbd85d2875fdd67e833213a651f613bbf25303abf6aa822a5121f4531195678d", size = 10697071, upload-time = "2026-08-20T17:43:49.891Z" },
    { url = "https://files.pythonhosted.org/packages/aa/28/0c6dd865859c6d17bc8ccc34cb72b0e02d6c7eb25e8a1e22b5bea681e2c0/ruff-0.16.4-py3-none-win32.whl", hash = "sha256:312769988007aaeb8e189b443ccdd03c0e6374489e053467be6d96518ebff76e", size = 10021687, upload-time = "2026-08-20T17:43:52.281Z" },
    { url = "https://files.pythonhosted.org/packages/a3/03/e724450f621698117f9aa6dd241c94d0274ae96781378dc86745ae29f0e7/ruff-0.16.4-py3-none-win_amd64.whl", hash = "sha256:05d9d27a18c4bcbefada602480ec9e01e0bc949d432e0ced5df77edac195919c", size = 10567657, upload-time = "2026-08-20T17:43:54.78Z" },
    { url = "https://files.pythonhosted.org/packages/0e/fe/da8b9e1347696bb22120b77280ec5ce25d500ca5cb39d5ad6e5c18de19c1/ruff-0.16.4-py3-none-win_arm64.whl", hash = "sha256:a3a61621c9b6f6a89573e938a080e648f1695baa3f58570a3a707bc51ff65a21", size = 10451579, upload-time = "2026-08-20T17:43:57.135Z" },
]

[[package]]
name = "shellingham"
version = "1.5.4"
source = { registry = "https://pypi.org/simple" }
sdist = { url = "https://files.pythonhosted.org/packages/58/15/8b3609fd3830ef7b27b655beb4b4e9c62313a4e8da8c676e142cc210d58e/shellingham-1.5.4.tar.gz", hash = "sha256:8dbca0739d487e5bd35ab3ca4b36e11c4078f3a234bfce294b0a0291363404de", size = 10310, upload-time = "2023-10-24T04:13:40.426Z" }
wheels = [
    { url = "https://files.pythonhosted.org/packages/e0/f9/0595336914c5619e5f28a1fb793285925a8cd4b432c9da0a987836c7f822/shellingham-1.5.4-py2.py3-none-any.whl", hash = "sha256:7ecfff8f2fd72616f7481040475a65b2bf8af90a56c89140852d1120324e8686", size = 9755, upload-time = "2023-10-24T04:13:38.866Z" },
]

[[package]]
name = "templa"
version = "0.0.0"
source = { editable = "." }
dependencies = [
    { name = "typer" },
]

[package.optional-dependencies]
dev = [
    { name = "ruff" },
    { name = "ty" },
]

[package.metadata]
requires-dist = [
    { name = "ruff", marker = "extra == 'dev'", specifier = ">=0.16.4" },
    { name = "ty", marker = "extra == 'dev'", specifier = ">=0.0.81" },
    { name = "typer", specifier = ">=0.27.1" },
]
provides-extras = ["dev"]

[[package]]
name = "ty"
version = "0.0.81"
source = { registry = "https://pypi.org/simple" }
sdist = { url = "https://files.pythonhosted.org/packages/61/b7/c9d736f48585f5a711ea47bb97a353d3771834f89481d747ea9687b74fa9/ty-0.0.81.tar.gz", hash = "sha256:ef721aa649bf41d665ba86e1ea726fd3feab6800e2c4887a062a704baf304ca8", size = 7225871, upload-time = "2026-09-15T02:05:29.536Z" }
wheels = [
    { url = "https://files.pythonhosted.org/packages/6c/70/649a5ec8fd6cc9dfa731c905523b19e677ad36dd9dcc4fcadfed8235507f/ty-0.0.81-py3-none-linux_armv6l.whl", hash = "sha256:8e9e3dd6edb1462633ddba2bf337d1c05023a5a13c2f315e445565c7ad43d247", size = 13679646, upload-time = "2026-09-15T02:04:51.436Z" },
    { url = "https://files.pythonhosted.org/packages/b5/d0/3769b760918c3dde1bbaeee87422cd442fc550baadb5c8621e479b363282/ty-0.0.81-py3-none-macosx_10_12_x86_64.whl", hash = "sha256:649c350873e4b3e937d856512ee57b8a345d80079cbead73a5308c2cdafe594c", size = 13211367, upload-time = "2026-09-15T02:04:54.18Z" },
    { url = "https://files.pythonhosted.org/packages/f8/5f/b8fe3ab7eee87bbf1f5ff1b65c55526a3f31a9604630bc9e7d84199bbac5/ty-0.0.81-py3-none-macosx_11_0_arm64.whl", hash = "sha256:480c78706ba78239f901d68cf1ba53e98b84aa51e19b9241daa0fb62fdecd2e2", size = 13084312, upload-time = "2026-09-15T02:04:56.133Z" },
    { url = "https://files.pythonhosted.org/packages/7f/d8/ce22278014f14ae8205d2f9622696d39c623a0c9e80056c258bb89bb8322/ty-0.0.81-py3-none-manylinux_2_17_aarch64.manylinux2014_aarch64.whl", hash = "sha256:7cdbfa4b634b1d21542eedc11e424dedcc4871c2128d0d46b55b0089d3220492", size = 13127965, upload-time = "2026-09-15T02:04:58.306Z" },
    { url = "https://files.pythonhosted.org/packages/82/d0/4e75c61f6a241a0804f25117af4f91a5aaa4a48408b57f8d4c34d8a3d91e/ty-0.0.81-py3-none-manylinux_2_17_armv7l.manylinux2014_armv7l.whl", hash = "sha256:5f7a34743a21669d4f3d5fda98c36189cb4d9dceee1415a8a42d7426d55995db", size = 13432523, upload-time = "2026-09-15T02:05:00.471Z" },
    { url = "https://files.pythonhosted.org/packages/0b/02/e0b6b783418515c8ba40c13d5e333da9e0576a7a69582fc2b5831bb7d913/ty-0.0.81-py3-none-manylinux_2_17_i686.manylinux2014_i686.whl", hash = "sha256:742eab849947bc10b4c09810d37bd743afe9502e114b7bcfd6389f0ae3f425aa", size = 14211082, upload-time = "2026-09-15T02:05:02.455Z" },
    { url = "https://files.pythonhosted.org/packages/6b/af/85cb68d13ff617f2b213212d674e1266b933f2d051b63a1e5116e8ca0bfc/ty-0.0.81-py3-none-manylinux_2_17_ppc64le.manylinux2014_ppc64le.whl", hash = "sha256:2b4cef395eee7007449aa3fc3fc8dc6bc58fe7a8956d56db078569061741bf52", size = 14692204, upload-time = "2026-09-15T02:05:04.705Z" },
    { url = "https://files.pythonhosted.org/packages/24/c6/791891f3fa8fec91e9ec3e8c9d6774ab903297defe847a3e5d7e047360ad/ty-0.0.81-py3-none-manylinux_2_17_s390x.manylinux2014_s390x.whl", hash = "sha256:80cf8c34973a1da2ec2a043efcba8f4c0a984d45210957a8ddd2c16f2b8f8e85", size = 14371010, upload-time = "2026-09-15T02:05:06.63Z" },
    { url = "https://files.pythonhosted.org/packages/c7/b2/c9fba5b4ed7f63f26e83432fa2062ca04606b61dce7bbacc1238232af649/ty-0.0.81-py3-none-manylinux_2_17_x86_64.manylinux2014_x86_64.whl", hash = "sha256:f37a8f66c444eea29f17adfe0664f42062520773f18031fd4913f28eb56d2966", size = 13758537, upload-time = "2026-09-15T02:05:08.722Z" },
    { url = "https://files.pythonhosted.org/packages/77/e6/09c41e96bbcbe53dd18c9a1a6dbd2e456b0d03b94440a4bd9bab55a4e19a/ty-0.0.81-py3-none-manylinux_2_31_riscv64.whl", hash = "sha256:e8134cc03e84a27f409877b9b62053fd4aaac9c3ce0ce0fdace8b5ed58d78e04", size = 14280789, upload-time = "2026-09-15T02:05:10.719Z" },
    { url = "https://files.pythonhosted.org/packages/5b/d1/87eb8e01fb17602cde5911cbadb9b11141a04f728dbda0a2a00243f337ca/ty-0.0.81-py3-none-musllinux_1_2_aarch64.whl", hash = "sha256:fb6f269c5f14a07047e05cbf3d06dd9a64a048050f736afcf744a180a272f034", size = 13169638, upload-time = "2026-09-15T02:05:12.806Z" },
    { url = "https://files.pythonhosted.org/packages/94/3c/137ceb792858f408c48f20a066d12ee76108e5f28a13242720879c024172/ty-0.0.81-py3-none-musllinux_1_2_armv7l.whl", hash = "sha256:38355a5e6294ebd3cee616ed581d051963d61b293a1b3351c248747f73a45b74", size = 13449856, upload-time = "2026-09-15T02:05:15.505Z" },
    { url = "https://files.pythonhosted.org/packages/fe/0a/4a9b31fadfc80a2141f3862316eb31944843e01bc1f6533794291cce767e/ty-0.0.81-py3-none-musllinux_1_2_i686.whl", hash = "sha256:59a35e128a9831423aee19db804aa8a1358ee3ce615b3fc0dec20d40bfd0d733", size = 13675303, upload-time = "2026-09-15T02:05:17.537Z" },
    { url = "https://files.pythonhosted.org/packages/e3/16/dbcd2c10ab80b015a227110a4ec75314468b6720d800261098521df4eee9/ty-0.0.81-py3-none-musllinux_1_2_x86_64.whl", hash = "sha256:f0f4219fbc068ea3414fa804c6bd57ef4229a11884ab9ca71cd8308072520aad", size = 14050298, upload-time = "2026-09-15T02:05:20.424Z" },
    { url = "https://files.pythonhosted.org/packages/95/ba/a70ced0c0c078ff09a3a80224d045c4267d07811dbaf125c749af5f72606/ty-0.0.81-py3-none-win32.whl", hash = "sha256:82ff952e64ba4c4da1c0c89723e326c768ae4f9ff20624dee04a51c3f4e4b96c", size = 12866650, upload-time = "2026-09-15T02:05:22.824Z" },
    { url = "https://files.pythonhosted.org/packages/3f/51/4b79453df93dfb9edecb1bd6cb04e772277d8c7260693165358a033b6ed1/ty-0.0.81-py3-none-win_amd64.whl", hash = "sha256:ef82788744da0b7f2a598e4e9776f9c5998df4eef7e2750ae3a5537e7c734b69", size = 13572976, upload-time = "2026-09-15T02:05:24.907Z" },
    { url = "https://files.pythonhosted.org/packages/0a/56/09594d55a0c49543eeac149c0dbc80b9b04409cc26ca48f1c1a9595c0916/ty-0.0.81-py3-none-win_arm64.whl", hash = "sha256:bdb1563990c5d3abfe5a09e7512733f302773ede6a5d3e4e5c6ad46393d8df4d", size = 13364408, upload-time = "2026-09-15T02:05:27.247Z" },
]

[[package]]
name = "typer"
version = "0.27.1"
source = { registry = "https://pypi.org/simple" }
dependencies = [
    { name = "annotated-doc" },
    { name = "colorama", marker = "sys_platform == 'win32'" },
    { name = "rich" },
    { name = "shellingham" },
]
sdist = { url = "https://files.pythonhosted.org/packages/ae/40/4a3db7990d1f62a53182aa96eaef57aeb2886a27f90a195bc66713565d31/typer-0.27.1.tar.gz", hash = "sha256:a79bef8469a79c45498e7b814ecf8d603cc7644e9acbd9e19cac0334240b18df", size = 203994, upload-time = "2026-08-03T14:41:03.438Z" }
wheels = [
    { url = "https://files.pythonhosted.org/packages/43/89/9518bc0c3929bee36b3a4a8e3daddd6e03f92f9961c66d4983b837160543/typer-0.27.1-py3-none-any.whl", hash = "sha256:53150287edd11baeb4e4722c8e394fcdf8181c0ae89485cba8d25c778d5edd56", size = 122874, upload-time = "2026-08-03T14:41:04.391Z" },
]
