version = 1
revision = 3
requires-python = ">=3.14"

[options]
exclude-newer = "0001-01-01T00:00:00Z" # This has no effect and is included for backwards compatibility when using relative exclude-newer values.
exclude-newer-span = "P3D"

[[package]]
name = "annotated-doc"
version = "0.0.4"
source = { registry = "https://pypi.org/simple" }
sdist = { url = "https://files.pythonhosted.org/packages/57/ba/046ceea27344560984e26a590f90bc7f4a75b06701f653222458922b558c/annotated_doc-0.0.4.tar.gz", hash = "sha256:fbcda96e87e9c92ad167c2e53839e57503ecfda18804ea28102353485033faa4", size = 7288, upload-time = "2025-11-10T22:07:42.062Z" }
wheels = [
    { url = "https://files.pythonhosted.org/packages/1e/d3/26bf1008eb3d2daa8ef4cacc7f3bfdc11818d111f7e2d0201bc6e3b49d45/annotated_doc-0.0.4-py3-none-any.whl", hash = "sha256:571ac1dc6991c450b25a9c2d84a3705e2ae7a53467b5d111c24fa8baabbed320", size = 5303, upload-time = "2025-11-10T22:07:40.673Z" },
]

[[package]]
name = "colorama"
version = "0.4.6"
source = { registry = "https://pypi.org/simple" }
sdist = { url = "https://files.pythonhosted.org/packages/d8/53/6f443c9a4a8358a93a6792e2acffb9d9d5cb0a5cfd8802644b7b1c9a02e4/colorama-0.4.6.tar.gz", hash = "sha256:08695f5cb7ed6e0531a20572697297273c47b8cae5a63ffc6d6ed5c201be6e44", size = 27697, upload-time = "2022-10-25T02:36:22.414Z" }
wheels = [
    { url = "https://files.pythonhosted.org/packages/d1/d6/3965ed04c63042e047cb6a3e6ed1a63a35087b6a609aa3a15ed8ac56c221/colorama-0.4.6-py2.py3-none-any.whl", hash = "sha256:4f1d9991f5acc0ca119f9d443620b77f9d6b33703e51011c16baf57afb285fc6", size = 25335, upload-time = "2022-10-25T02:36:20.889Z" },
]

[[package]]
name = "markdown-it-py"
version = "4.0.0"
source = { registry = "https://pypi.org/simple" }
dependencies = [
    { name = "mdurl" },
]
sdist = { url = "https://files.pythonhosted.org/packages/5b/f5/4ec618ed16cc4f8fb3b701563655a69816155e79e24a17b651541804721d/markdown_it_py-4.0.0.tar.gz", hash = "sha256:cb0a2b4aa34f932c007117b194e945bd74e0ec24133ceb5bac59009cda1cb9f3", size = 73070, upload-time = "2025-08-11T12:57:52.854Z" }
wheels = [
    { url = "https://files.pythonhosted.org/packages/94/54/e7d793b573f298e1c9013b8c4dade17d481164aa517d1d7148619c2cedbf/markdown_it_py-4.0.0-py3-none-any.whl", hash = "sha256:87327c59b172c5011896038353a81343b6754500a08cd7a4973bb48c6d578147", size = 87321, upload-time = "2025-08-11T12:57:51.923Z" },
]

[[package]]
name = "mdurl"
version = "0.1.2"
source = { registry = "https://pypi.org/simple" }
sdist = { url = "https://files.pythonhosted.org/packages/d6/54/cfe61301667036ec958cb99bd3efefba235e65cdeb9c84d24a8293ba1d90/mdurl-0.1.2.tar.gz", hash = "sha256:bb413d29f5eea38f31dd4754dd7377d4465116fb207585f97bf925588687c1ba", size = 8729, upload-time = "2022-08-14T12:40:10.846Z" }
wheels = [
    { url = "https://files.pythonhosted.org/packages/b3/38/89ba8ad64ae25be8de66a6d463314cf1eb366222074cfda9ee839c56a4b4/mdurl-0.1.2-py3-none-any.whl", hash = "sha256:84008a41e51615a49fc9966191ff91509e3c40b939176e643fd50a5c2196b8f8", size = 9979, upload-time = "2022-08-14T12:40:09.779Z" },
]

[[package]]
name = "pygments"
version = "2.19.2"
source = { registry = "https://pypi.org/simple" }
sdist = { url = "https://files.pythonhosted.org/packages/b0/77/a5b8c569bf593b0140bde72ea885a803b82086995367bf2037de0159d924/pygments-2.19.2.tar.gz", hash = "sha256:636cb2477cec7f8952536970bc533bc43743542f70392ae026374600add5b887", size = 4968631, upload-time = "2025-06-21T13:39:12.283Z" }
wheels = [
    { url = "https://files.pythonhosted.org/packages/c7/21/705964c7812476f378728bdf590ca4b771ec72385c533964653c68e86bdc/pygments-2.19.2-py3-none-any.whl", hash = "sha256:86540386c03d588bb81d44bc3928634ff26449851e99741617ecb9037ee5ec0b", size = 1225217, upload-time = "2025-06-21T13:39:07.939Z" },
]

[[package]]
name = "rich"
version = "14.3.3"
source = { registry = "https://pypi.org/simple" }
dependencies = [
    { name = "markdown-it-py" },
    { name = "pygments" },
]
sdist = { url = "https://files.pythonhosted.org/packages/b3/c6/f3b320c27991c46f43ee9d856302c70dc2d0fb2dba4842ff739d5f46b393/rich-14.3.3.tar.gz", hash = "sha256:b8daa0b9e4eef54dd8cf7c86c03713f53241884e814f4e2f5fb342fe520f639b", size = 230582, upload-time = "2026-02-19T17:23:12.474Z" }
wheels = [
    { url = "https://files.pythonhosted.org/packages/14/25/b208c5683343959b670dc001595f2f3737e051da617f66c31f7c4fa93abc/rich-14.3.3-py3-none-any.whl", hash = "sha256:793431c1f8619afa7d3b52b2cdec859562b950ea0d4b6b505397612db8d5362d", size = 310458, upload-time = "2026-02-19T17:23:13.732Z" },
]

[[package]]
name = "ruff"
version = "0.15.18"
source = { registry = "https://pypi.org/simple" }
sdist = { url = "https://files.pythonhosted.org/packages/74/98/1295ad5a5aa9bc85bdcdfa5d82fe7b49c61af5657df4f227637ff9de0da6/ruff-0.15.18.tar.gz", hash = "sha256:2698a964c70e8bf402dcb99c8810472d270d141e7aa8c4e13599fd52033a2f33", size = 4761437, upload-time = "2026-06-18T18:25:39.224Z" }
wheels = [
    { url = "https://files.pythonhosted.org/packages/b9/d0/686e984941269621e2be72612d5c1e461f8f7b38415a2a7d7a81c8ae6715/ruff-0.15.18-py3-none-linux_armv6l.whl", hash = "sha256:8b6850172348c8381b8b3084c5915a4393c2373b9b54cd5b5e1ea15812bc10df", size = 10887308, upload-time = "2026-06-18T18:25:03.062Z" },
    { url = "https://files.pythonhosted.org/packages/ed/21/bc4123e3f5515ee99f8ce1eb93a14a0628fe4d1678663cd08f933ac16931/ruff-0.15.18-py3-none-macosx_10_12_x86_64.whl", hash = "sha256:3fccc153a85417dcd976883160cacce486997b0a0058dd18f54b8aaaac7d1ce2", size = 11281305, upload-time = "2026-06-18T18:25:30.026Z" },
    { url = "https://files.pythonhosted.org/packages/51/93/4769464c25cf7ab2acb3c7dda9cad3d867eb41c59565b3e2a9d17249c90c/ruff-0.15.18-py3-none-macosx_11_0_arm64.whl", hash = "sha256:08d4c86a68f2c3ec2c9d56380a71fb4a4f65373055cbb8caabd645e9102f38d4", size = 10641215, upload-time = "2026-06-18T18:25:15.802Z" },
    { url = "https://files.pythonhosted.org/packages/6c/42/56926d17120db2c208d76bf60a1a019644dd9e91dc27f0f95c9caddb1366/ruff-0.15.18-py3-none-manylinux_2_17_aarch64.manylinux2014_aarch64.whl", hash = "sha256:37e5108745c2c0705da916d7d4de533ddf547051ef45f62888c31bae73f66318", size = 10957224, upload-time = "2026-06-18T18:25:36.955Z" },
    { url = "https://files.pythonhosted.org/packages/22/4f/d43fab8d8189afde803103022d000a8ef9f230616d436d52a8b2b8d63b50/ruff-0.15.18-py3-none-manylinux_2_17_armv7l.manylinux2014_armv7l.whl", hash = "sha256:56949a6ce8b3abde54c0bcb22cebfe57e8771cadc84b407ae8b8eaf67ebdcd43", size = 10699024, upload-time = "2026-06-18T18:25:05.707Z" },
    { url = "https://files.pythonhosted.org/packages/63/42/1e3e4c68bd408b9768cf3e439acbe2c78245225faef253f7028a0cdb63e0/ruff-0.15.18-py3-none-manylinux_2_17_i686.manylinux2014_i686.whl", hash = "sha256:01a754cd6a1b630d3f97e33eb452cf7a98040482318e870f8bc52a5a30e62657", size = 11491458, upload-time = "2026-06-18T18:25:20.275Z" },
    { url = "https://files.pythonhosted.org/packages/20/77/47a3484bea8521e14a203d98c389c5c97846675e4f02734672da4a69b52a/ruff-0.15.18-py3-none-manylinux_2_17_ppc64le.manylinux2014_ppc64le.whl", hash = "sha256:6ba7a07e03a44dbf10bb086ee06705b173625014ec99f73a7e6836a5e5590a0c", size = 12383752, upload-time = "2026-06-18T18:25:22.535Z" },
    { url = "https://files.pythonhosted.org/packages/0a/ca/054159590787023d83b658a1a1819c4c8910114e7015069340b71c0961cb/ruff-0.15.18-py3-none-manylinux_2_17_s390x.manylinux2014_s390x.whl", hash = "sha256:5a2c40a41a4cadbcf5897b548ab29dfe248b20c540961c0247d98a3973c70403", size = 11577923, upload-time = "2026-06-18T18:25:10.702Z" },
    { url = "https://files.pythonhosted.org/packages/6d/ff/d353d6b7bbd73cc0ec37f4463d7540e45e894338abdd9964eee0de332708/ruff-0.15.18-py3-none-manylinux_2_17_x86_64.manylinux2014_x86_64.whl", hash = "sha256:5f0480ce690cbb6c4db6e5d08f19fce98e10ba131a8b60c1bcdac42771e3ae2d", size = 11583925, upload-time = "2026-06-18T18:25:32.391Z" },
    { url = "https://files.pythonhosted.org/packages/c1/4a/891f89b9c296ed3e5f3ece1a5629badc989d9a8fdaa30431aaf4774bc1c2/ruff-0.15.18-py3-none-manylinux_2_31_riscv64.whl", hash = "sha256:2330215f1f393fa8733f55edce04fcf94c36a2c460fcde31f78cc84e4951e9b1", size = 11582834, upload-time = "2026-06-18T18:25:27.309Z" },
    { url = "https://files.pythonhosted.org/packages/32/a3/ed9e370154bf85de360b93c03026157f02d4943b2d01ff4945f4429f8e8a/ruff-0.15.18-py3-none-musllinux_1_2_aarch64.whl", hash = "sha256:a6aa6a3d979e48ae617578183674bf264fbe7d0114a796a26bd678d67963c7ff", size = 10927328, upload-time = "2026-06-18T18:25:34.676Z" },
    { url = "https://files.pythonhosted.org/packages/f5/d1/5cf5909329fedb5d39d555ee818ba5cf4638e1a301b89785d34f2905bfcb/ruff-0.15.18-py3-none-musllinux_1_2_armv7l.whl", hash = "sha256:a81beadbbff2c9c245561ae3f77b16709d87f35eec650d0501679239d3449b22", size = 10693187, upload-time = "2026-06-18T18:25:08.245Z" },
    { url = "https://files.pythonhosted.org/packages/fd/44/ff6c635cf2c4f4e7b618b6640da057376baa36014695487d88aed4794268/ruff-0.15.18-py3-none-musllinux_1_2_i686.whl", hash = "sha256:2186d9e940ae332ab293623a75b5f4fe49565f449954d50a72a046683aa6b809", size = 11208721, upload-time = "2026-06-18T18:25:41.327Z" },
    { url = "https://files.pythonhosted.org/packages/88/d9/5baa2a30861adfb7022cf33c1e35b2fc18085b08c16f83eff4c7b99a5f48/ruff-0.15.18-py3-none-musllinux_1_2_x86_64.whl", hash = "sha256:5c2abf140438032bc77b2284a6c9944ecd8a19e5f1c7b52b1b8e4a0a80d19a7a", size = 11678599, upload-time = "2026-06-18T18:25:13.607Z" },
    { url = "https://files.pythonhosted.org/packages/c3/1a/0725a7cfdc32ff769efb96ee782bec882e16448c5d9e3be947ec4c04ce27/ruff-0.15.18-py3-none-win32.whl", hash = "sha256:02299e6e9fa5b297a3f6d5d10d7bcd655c925b028bb8b9d4588214549c6b9ec4", size = 10901903, upload-time = "2026-06-18T18:25:24.755Z" },
    { url = "https://files.pythonhosted.org/packages/f3/51/805d9f6fb7970505c3504794a5ec350f605361b807fef4dcf214ebd35e72/ruff-0.15.18-py3-none-win_amd64.whl", hash = "sha256:dac80dc8d26b2257dbefabed62f5d255c3937b4ccb122da1fc634794fa3578b3", size = 12041189, upload-time = "2026-06-18T18:25:17.915Z" },
    { url = "https://files.pythonhosted.org/packages/29/4c/67bb45e41609eb4726f1bfeb59e083cf91d14c696d4bd14c234a980be93d/ruff-0.15.18-py3-none-win_arm64.whl", hash = "sha256:b2c9257fcbd4a3e5b977a1904e6facca016bafe2edc17df24db67cfaee03b4e4", size = 11329958, upload-time = "2026-06-18T18:25:43.686Z" },
]

[[package]]
name = "shellingham"
version = "1.5.4"
source = { registry = "https://pypi.org/simple" }
sdist = { url = "https://files.pythonhosted.org/packages/58/15/8b3609fd3830ef7b27b655beb4b4e9c62313a4e8da8c676e142cc210d58e/shellingham-1.5.4.tar.gz", hash = "sha256:8dbca0739d487e5bd35ab3ca4b36e11c4078f3a234bfce294b0a0291363404de", size = 10310, upload-time = "2023-10-24T04:13:40.426Z" }
wheels = [
    { url = "https://files.pythonhosted.org/packages/e0/f9/0595336914c5619e5f28a1fb793285925a8cd4b432c9da0a987836c7f822/shellingham-1.5.4-py2.py3-none-any.whl", hash = "sha256:7ecfff8f2fd72616f7481040475a65b2bf8af90a56c89140852d1120324e8686", size = 9755, upload-time = "2023-10-24T04:13:38.866Z" },
]

[[package]]
name = "templa"
version = "0.0.0"
source = { editable = "." }
dependencies = [
    { name = "typer" },
]

[package.optional-dependencies]
dev = [
    { name = "ruff" },
    { name = "ty" },
]

[package.metadata]
requires-dist = [
    { name = "ruff", marker = "extra == 'dev'", specifier = ">=0.15.18" },
    { name = "ty", marker = "extra == 'dev'", specifier = ">=0.0.54" },
    { name = "typer", specifier = ">=0.26.7" },
]
provides-extras = ["dev"]

[[package]]
name = "ty"
version = "0.0.54"
source = { registry = "https://pypi.org/simple" }
sdist = { url = "https://files.pythonhosted.org/packages/ae/c6/2ea90406d82cf82b0a68725130da2cc9de161bfa883c7dee4f0d94dbf3ce/ty-0.0.54.tar.gz", hash = "sha256:b6b3cfe174f27744413c898b2488ca52ea76070637095de131698e506b455055", size = 6009000, upload-time = "2026-06-25T17:53:17.098Z" }
wheels = [
    { url = "https://files.pythonhosted.org/packages/b8/26/a83e688e108a29a8630d7075bae47b72614cfa275c88b3166575ca0a8af0/ty-0.0.54-py3-none-linux_armv6l.whl", hash = "sha256:0365ea133d6b028952c22e6412a00da9739bc3b538df3c0a61972bf64d8558f1", size = 11616164, upload-time = "2026-06-25T17:52:29.174Z" },
    { url = "https://files.pythonhosted.org/packages/85/89/9f3374f9eef0267aed5efbd5544e47cfa6affc94236d929e878a780cf7d7/ty-0.0.54-py3-none-macosx_10_12_x86_64.whl", hash = "sha256:0de0cf48918609a3996cc2a4e18e8028fc4d2446bb82df822e9737f53bb9afee", size = 11351250, upload-time = "2026-06-25T17:52:32.181Z" },
    { url = "https://files.pythonhosted.org/packages/28/11/e0e3f542a6de0e0dd5f503215527f8d9fc141426bd52dbe98fce927ff831/ty-0.0.54-py3-none-macosx_11_0_arm64.whl", hash = "sha256:57c7c6c1fcd2aa29cd40117142c0d45a2b0e6c42817ef58ea8dcb5f59d6ea802", size = 10872162, upload-time = "2026-06-25T17:52:35.206Z" },
    { url = "https://files.pythonhosted.org/packages/3a/b0/fa369840f1ccd391971f693a8f86c445eb1a0fad61a6e0e773f0871a7a6f/ty-0.0.54-py3-none-manylinux_2_17_aarch64.manylinux2014_aarch64.whl", hash = "sha256:dc179be5a070c5dc7785a5e108eece2ab216978a91f91e11661308749a6c28ee", size = 11419826, upload-time = "2026-06-25T17:52:37.942Z" },
    { url = "https://files.pythonhosted.org/packages/62/5f/8fbf9b7147cf08cc96cc9f84b9699ae7c7a0a1eb0a4c3d912261351b1cbb/ty-0.0.54-py3-none-manylinux_2_17_armv7l.manylinux2014_armv7l.whl", hash = "sha256:5a0a764e2261f9292adf14bbc91b9d7ef7ee7c00b8f3d9f2563f19ae3605109b", size = 11411732, upload-time = "2026-06-25T17:52:41.124Z" },
    { url = "https://files.pythonhosted.org/packages/8a/ce/53aa78828f98ce396d5cc0f0878d990c0d70f6bf7704105232399315952f/ty-0.0.54-py3-none-manylinux_2_17_i686.manylinux2014_i686.whl", hash = "sha256:2259e1a1f744a5f20f079dcc4061c1464001c75f255aaca7316e422f8f5e5e09", size = 12039318, upload-time = "2026-06-25T17:52:43.981Z" },
    { url = "https://files.pythonhosted.org/packages/9e/05/5654d4d20376a73cd2e9df8178515c466ff9b2bda15748ee5810c955a265/ty-0.0.54-py3-none-manylinux_2_17_ppc64le.manylinux2014_ppc64le.whl", hash = "sha256:8674617617399d4fdd568b3e3a8f87a913df525c80691d732b0744b571b341c8", size = 12625562, upload-time = "2026-06-25T17:52:46.578Z" },
    { url = "https://files.pythonhosted.org/packages/37/f7/982be4abde816c821c6aeaba133dc34b5346eebbb29dadbf77b8ee46dad9/ty-0.0.54-py3-none-manylinux_2_17_s390x.manylinux2014_s390x.whl", hash = "sha256:e949f7bbfa80a9fa00968924028aa673a505faa234b0b9d1241b7d34373eae14", size = 12175175, upload-time = "2026-06-25T17:52:49.176Z" },
    { url = "https://files.pythonhosted.org/packages/6a/8b/371fa3d121a1d9c8806a997ec5aa7b6a91912044d936594e6cf04d197471/ty-0.0.54-py3-none-manylinux_2_17_x86_64.manylinux2014_x86_64.whl", hash = "sha256:6a0ce5af9eefe636888377d8ab8ea817239ed96de64fede62c4e5331ae16db5c", size = 11945921, upload-time = "2026-06-25T17:52:51.983Z" },
    { url = "https://files.pythonhosted.org/packages/dd/76/cab1ff8f6029b657b3fed59add1a2f188df6af26b6d649a6c789139dd88d/ty-0.0.54-py3-none-manylinux_2_31_riscv64.whl", hash = "sha256:ad329d1942e23ee428948e673b2a50249f27e164220075b0a2ef8169029c8423", size = 12269965, upload-time = "2026-06-25T17:52:54.697Z" },
    { url = "https://files.pythonhosted.org/packages/31/2f/c14b36cacacf7cc5ae40c862c34c07fadeba85cb93fd8f328cdac2029270/ty-0.0.54-py3-none-musllinux_1_2_aarch64.whl", hash = "sha256:6e43124e6ac4cb9702d99facb28c6b2f2574c8a4b8f59eae2632eef4962e3439", size = 11370742, upload-time = "2026-06-25T17:52:57.233Z" },
    { url = "https://files.pythonhosted.org/packages/db/1b/9e55bb273d3ea8efe165a73e34ae92220593e4dbfe665b8283be9d3eadea/ty-0.0.54-py3-none-musllinux_1_2_armv7l.whl", hash = "sha256:994ede70fc1b6f0efc29d0f1fc0d819630bed1d2610eac2e9dabb2840f3f3bf9", size = 11432346, upload-time = "2026-06-25T17:52:59.898Z" },
    { url = "https://files.pythonhosted.org/packages/db/16/402e8d2b1ab1020a25774f22ec0ba4378617758197278c1ddbc093b64854/ty-0.0.54-py3-none-musllinux_1_2_i686.whl", hash = "sha256:b1d048df26abb433acc5b3bcef214167c7dc9e3341f8f200a3c59702516a0ed0", size = 11707341, upload-time = "2026-06-25T17:53:02.678Z" },
    { url = "https://files.pythonhosted.org/packages/3b/ca/220599403e1dc864109402c88e22e8793108ec3be41576cd044772023d94/ty-0.0.54-py3-none-musllinux_1_2_x86_64.whl", hash = "sha256:651e90094d41c4add3d616e0f2c1c881c6700a2ae3ac191c023c665050ff2cdc", size = 12053427, upload-time = "2026-06-25T17:53:05.983Z" },
    { url = "https://files.pythonhosted.org/packages/fc/a9/f08df843e3d4422184a847829eb103c49a6118eed7024969a1a706de1c5e/ty-0.0.54-py3-none-win32.whl", hash = "sha256:7e876c9b5130afc6b6e46035a2eecca9b563b78249030296e1089922428d5415", size = 11044018, upload-time = "2026-06-25T17:53:09.582Z" },
    { url = "https://files.pythonhosted.org/packages/4c/26/230719333d79fae599e3c2da5ac35e36786cdd6c4b4f2a5d5450ce171dc7/ty-0.0.54-py3-none-win_amd64.whl", hash = "sha256:f478476f3222807b4d92f15c5298a8c242f2ed17c724da75f4a8c6b522b4f29a", size = 12107765, upload-time = "2026-06-25T17:53:12.2Z" },
    { url = "https://files.pythonhosted.org/packages/28/68/b5fcb35ceebffab3e8898bd25e51d0bb77a0c43c50b7a8e3fae56125e4f5/ty-0.0.54-py3-none-win_arm64.whl", hash = "sha256:01ab9eb8c0802d35ae73fa08e4e037963250ee5ee6aa7ed8c8b994e5495db5ef", size = 11498510, upload-time = "2026-06-25T17:53:14.693Z" },
]

[[package]]
name = "typer"
version = "0.26.7"
source = { registry = "https://pypi.org/simple" }
dependencies = [
    { name = "annotated-doc" },
    { name = "colorama", marker = "sys_platform == 'win32'" },
    { name = "rich" },
    { name = "shellingham" },
]
sdist = { url = "https://files.pythonhosted.org/packages/5e/ed/ef06584ccdd5c410df0837951ecd7e15d9a6144ea1bd4c73cecab1a89891/typer-0.26.7.tar.gz", hash = "sha256:e314a34c617e419c091b2830dda3ea1f257134ff593061a8f5b9717ab8dddb3a", size = 201709, upload-time = "2026-06-03T07:18:06.843Z" }
wheels = [
    { url = "https://files.pythonhosted.org/packages/24/25/2201973529af2c954de0bb725323c3aaed6d7f0ceee8f550dec9185df013/typer-0.26.7-py3-none-any.whl", hash = "sha256:5c87cfbc5d34491c5346ebf49c23e18d56ccb863268d3a8d592b26087c2f5e58", size = 122456, upload-time = "2026-06-03T07:18:05.732Z" },
]
