version = 1
revision = 3
requires-python = ">=3.14"

[options]
exclude-newer = "0001-01-01T00:00:00Z" # This has no effect and is included for backwards compatibility when using relative exclude-newer values.
exclude-newer-span = "P3D"

[[package]]
name = "annotated-doc"
version = "0.0.4"
source = { registry = "https://pypi.org/simple" }
sdist = { url = "https://files.pythonhosted.org/packages/57/ba/046ceea27344560984e26a590f90bc7f4a75b06701f653222458922b558c/annotated_doc-0.0.4.tar.gz", hash = "sha256:fbcda96e87e9c92ad167c2e53839e57503ecfda18804ea28102353485033faa4", size = 7288, upload-time = "2025-11-10T22:07:42.062Z" }
wheels = [
    { url = "https://files.pythonhosted.org/packages/1e/d3/26bf1008eb3d2daa8ef4cacc7f3bfdc11818d111f7e2d0201bc6e3b49d45/annotated_doc-0.0.4-py3-none-any.whl", hash = "sha256:571ac1dc6991c450b25a9c2d84a3705e2ae7a53467b5d111c24fa8baabbed320", size = 5303, upload-time = "2025-11-10T22:07:40.673Z" },
]

[[package]]
name = "colorama"
version = "0.4.6"
source = { registry = "https://pypi.org/simple" }
sdist = { url = "https://files.pythonhosted.org/packages/d8/53/6f443c9a4a8358a93a6792e2acffb9d9d5cb0a5cfd8802644b7b1c9a02e4/colorama-0.4.6.tar.gz", hash = "sha256:08695f5cb7ed6e0531a20572697297273c47b8cae5a63ffc6d6ed5c201be6e44", size = 27697, upload-time = "2022-10-25T02:36:22.414Z" }
wheels = [
    { url = "https://files.pythonhosted.org/packages/d1/d6/3965ed04c63042e047cb6a3e6ed1a63a35087b6a609aa3a15ed8ac56c221/colorama-0.4.6-py2.py3-none-any.whl", hash = "sha256:4f1d9991f5acc0ca119f9d443620b77f9d6b33703e51011c16baf57afb285fc6", size = 25335, upload-time = "2022-10-25T02:36:20.889Z" },
]

[[package]]
name = "markdown-it-py"
version = "4.0.0"
source = { registry = "https://pypi.org/simple" }
dependencies = [
    { name = "mdurl" },
]
sdist = { url = "https://files.pythonhosted.org/packages/5b/f5/4ec618ed16cc4f8fb3b701563655a69816155e79e24a17b651541804721d/markdown_it_py-4.0.0.tar.gz", hash = "sha256:cb0a2b4aa34f932c007117b194e945bd74e0ec24133ceb5bac59009cda1cb9f3", size = 73070, upload-time = "2025-08-11T12:57:52.854Z" }
wheels = [
    { url = "https://files.pythonhosted.org/packages/94/54/e7d793b573f298e1c9013b8c4dade17d481164aa517d1d7148619c2cedbf/markdown_it_py-4.0.0-py3-none-any.whl", hash = "sha256:87327c59b172c5011896038353a81343b6754500a08cd7a4973bb48c6d578147", size = 87321, upload-time = "2025-08-11T12:57:51.923Z" },
]

[[package]]
name = "mdurl"
version = "0.1.2"
source = { registry = "https://pypi.org/simple" }
sdist = { url = "https://files.pythonhosted.org/packages/d6/54/cfe61301667036ec958cb99bd3efefba235e65cdeb9c84d24a8293ba1d90/mdurl-0.1.2.tar.gz", hash = "sha256:bb413d29f5eea38f31dd4754dd7377d4465116fb207585f97bf925588687c1ba", size = 8729, upload-time = "2022-08-14T12:40:10.846Z" }
wheels = [
    { url = "https://files.pythonhosted.org/packages/b3/38/89ba8ad64ae25be8de66a6d463314cf1eb366222074cfda9ee839c56a4b4/mdurl-0.1.2-py3-none-any.whl", hash = "sha256:84008a41e51615a49fc9966191ff91509e3c40b939176e643fd50a5c2196b8f8", size = 9979, upload-time = "2022-08-14T12:40:09.779Z" },
]

[[package]]
name = "pygments"
version = "2.19.2"
source = { registry = "https://pypi.org/simple" }
sdist = { url = "https://files.pythonhosted.org/packages/b0/77/a5b8c569bf593b0140bde72ea885a803b82086995367bf2037de0159d924/pygments-2.19.2.tar.gz", hash = "sha256:636cb2477cec7f8952536970bc533bc43743542f70392ae026374600add5b887", size = 4968631, upload-time = "2025-06-21T13:39:12.283Z" }
wheels = [
    { url = "https://files.pythonhosted.org/packages/c7/21/705964c7812476f378728bdf590ca4b771ec72385c533964653c68e86bdc/pygments-2.19.2-py3-none-any.whl", hash = "sha256:86540386c03d588bb81d44bc3928634ff26449851e99741617ecb9037ee5ec0b", size = 1225217, upload-time = "2025-06-21T13:39:07.939Z" },
]

[[package]]
name = "rich"
version = "14.3.3"
source = { registry = "https://pypi.org/simple" }
dependencies = [
    { name = "markdown-it-py" },
    { name = "pygments" },
]
sdist = { url = "https://files.pythonhosted.org/packages/b3/c6/f3b320c27991c46f43ee9d856302c70dc2d0fb2dba4842ff739d5f46b393/rich-14.3.3.tar.gz", hash = "sha256:b8daa0b9e4eef54dd8cf7c86c03713f53241884e814f4e2f5fb342fe520f639b", size = 230582, upload-time = "2026-02-19T17:23:12.474Z" }
wheels = [
    { url = "https://files.pythonhosted.org/packages/14/25/b208c5683343959b670dc001595f2f3737e051da617f66c31f7c4fa93abc/rich-14.3.3-py3-none-any.whl", hash = "sha256:793431c1f8619afa7d3b52b2cdec859562b950ea0d4b6b505397612db8d5362d", size = 310458, upload-time = "2026-02-19T17:23:13.732Z" },
]

[[package]]
name = "ruff"
version = "0.15.22"
source = { registry = "https://pypi.org/simple" }
sdist = { url = "https://files.pythonhosted.org/packages/3a/06/ae069393fc66e8ff33036d4b368003833bf6e88ccf182e17e7a2f1c754fd/ruff-0.15.22.tar.gz", hash = "sha256:3f15175b1fb580126f58285a5dae6b2ea89000136d980c64499211f116b54809", size = 4785063, upload-time = "2026-07-16T15:14:13.244Z" }
wheels = [
    { url = "https://files.pythonhosted.org/packages/23/18/ee54b7ae1e121be7a28ea6da4b67564ebb0530e183a54415ab7e3bcd2c4e/ruff-0.15.22-py3-none-linux_armv6l.whl", hash = "sha256:44423e73493737f5e7c5b41d475483898ff37afcdae38bc3da5085e29af1c2d8", size = 10781258, upload-time = "2026-07-16T15:13:19.452Z" },
    { url = "https://files.pythonhosted.org/packages/2f/d2/2520cb14761ddbeaf57642a76942fc36adcbdbe53b4532241995f6fc485c/ruff-0.15.22-py3-none-macosx_10_12_x86_64.whl", hash = "sha256:b82c6482946e9eda7ff2e091d25b8bad3f718684e1916d41bd56873cee05b697", size = 10999477, upload-time = "2026-07-16T15:13:23.318Z" },
    { url = "https://files.pythonhosted.org/packages/c9/10/74e53572aa758dfaa678c2a2646b5c5515d884b7ca56be4d2ce03ca4b560/ruff-0.15.22-py3-none-macosx_11_0_arm64.whl", hash = "sha256:11c1c715af53a09f714e011106bffc419751ec8232fcb5da42173284ea3fec6f", size = 10466716, upload-time = "2026-07-16T15:13:26.162Z" },
    { url = "https://files.pythonhosted.org/packages/1e/cc/44eaaf0844e028182f2d0a8f2190d0f359159aed0a9e5ab861d892f1ae2a/ruff-0.15.22-py3-none-manylinux_2_17_aarch64.manylinux2014_aarch64.whl", hash = "sha256:742a29cf29bddb7c8327895d6a10e0e6c5b38a96dd407af9b5d0857f809c0576", size = 10892644, upload-time = "2026-07-16T15:13:29.229Z" },
    { url = "https://files.pythonhosted.org/packages/9f/21/8edf559014d2b0f82beea19cfb713993ad802ccda16868769979c6090a84/ruff-0.15.22-py3-none-manylinux_2_17_armv7l.manylinux2014_armv7l.whl", hash = "sha256:72af58b951b0ae395935ae79763dc349bc0eb706319d28f7a33ad2cfb3cfc178", size = 10576719, upload-time = "2026-07-16T15:13:32.35Z" },
    { url = "https://files.pythonhosted.org/packages/bf/1e/3a13abd392a3b50b62e5938a831f9ab6e588358cacad5c18545b716d2182/ruff-0.15.22-py3-none-manylinux_2_17_i686.manylinux2014_i686.whl", hash = "sha256:62d425005c1835eb24e2ee4161cb90e8db263415f4a71c8c72c33abaa6c0c224", size = 11376494, upload-time = "2026-07-16T15:13:35.958Z" },
    { url = "https://files.pythonhosted.org/packages/bf/3e/422d3d95bcf04dd78e1aeac22184d4f9a8fb2c01865d39d44618484a0317/ruff-0.15.22-py3-none-manylinux_2_17_ppc64le.manylinux2014_ppc64le.whl", hash = "sha256:e8b9b3f8779a4f08c969defc3c8c35abffaa757e601ed5ae66d6d1db6519969a", size = 12208370, upload-time = "2026-07-16T15:13:39.185Z" },
    { url = "https://files.pythonhosted.org/packages/1e/91/5d065a0e0a02bf4813f5119ad278462eed081d2b832eb7c021ade0ec9e65/ruff-0.15.22-py3-none-manylinux_2_17_s390x.manylinux2014_s390x.whl", hash = "sha256:1e0dd1b2e4d3d585f897a0d137cbf4eaf6223bef4e8ce34d6bb12556c5f9249e", size = 11581098, upload-time = "2026-07-16T15:13:42.132Z" },
    { url = "https://files.pythonhosted.org/packages/f6/f9/a0d4871d12fae702eb1f41b686caf05f1f8b124dc6db6f784f53d74918fa/ruff-0.15.22-py3-none-manylinux_2_17_x86_64.manylinux2014_x86_64.whl", hash = "sha256:365523eb91d9224e1bcb03b022fbf0facb8f9e23792a2c53d9d4b3924bdbdebb", size = 11399422, upload-time = "2026-07-16T15:13:45.2Z" },
    { url = "https://files.pythonhosted.org/packages/18/80/c843a5176cddbceb0b7e8dd41cf9993490796c1c469348d384f5a5c13c56/ruff-0.15.22-py3-none-manylinux_2_31_riscv64.whl", hash = "sha256:fabfd168afdf29fee5be98b831efa9683c94d7c5a3b58b9ce5a2e38444589a74", size = 11381683, upload-time = "2026-07-16T15:13:48.46Z" },
    { url = "https://files.pythonhosted.org/packages/d4/00/8485de0ae92239438a36cfc51350db9b9e85c9ebdfaea91b18e422706662/ruff-0.15.22-py3-none-musllinux_1_2_aarch64.whl", hash = "sha256:225dbf095a87f1d9f90f5fd7924d2613ee452a75a4308c63a8f50f761787aa7c", size = 10850295, upload-time = "2026-07-16T15:13:51.655Z" },
    { url = "https://files.pythonhosted.org/packages/fa/91/24977ec2ec72eaf15e4394ace2959fdff2dd1e14f03e005e838023407169/ruff-0.15.22-py3-none-musllinux_1_2_armv7l.whl", hash = "sha256:1877d63b9d24ed278744f1523fd11b85540566d54641f97c566d7d9dc5ca5296", size = 10579640, upload-time = "2026-07-16T15:13:54.79Z" },
    { url = "https://files.pythonhosted.org/packages/9c/47/9b51216951974df1f263ac19da550d34252e0ed7218c25f10c5ef9ed7517/ruff-0.15.22-py3-none-musllinux_1_2_i686.whl", hash = "sha256:a1606c510bd7215680d32efab38965f7cdec3ef69f5170a3f4791404ffdd5262", size = 11105077, upload-time = "2026-07-16T15:13:57.915Z" },
    { url = "https://files.pythonhosted.org/packages/c2/47/20e9d4a3b8016778acea5fc32bb50d35d207500a17ddb529ffa6996feef8/ruff-0.15.22-py3-none-musllinux_1_2_x86_64.whl", hash = "sha256:630479b18625f5ffc373f77603a22a9f8ac0acd7ff0501178b5db28ec71e9c64", size = 11490980, upload-time = "2026-07-16T15:14:01.032Z" },
    { url = "https://files.pythonhosted.org/packages/4d/76/3f72d8fc38c1cb77b38c56a70da9d0c17700cc1cc50f9649c9d3c8f5ba71/ruff-0.15.22-py3-none-win32.whl", hash = "sha256:e5ba0e4a13fd14abbed2a77b517a3911290c6c6c59ef67784328d1668fab76cf", size = 10789165, upload-time = "2026-07-16T15:14:04.16Z" },
    { url = "https://files.pythonhosted.org/packages/cb/46/4965251734c2b6fcdca1b1b187d20bcac3af0ee5b083b89c910bb961ce3a/ruff-0.15.22-py3-none-win_amd64.whl", hash = "sha256:9be63ba1eb936acd2d1342fb8337c356353706fce233b2a15a09a97037e6acde", size = 11938297, upload-time = "2026-07-16T15:14:07.316Z" },
    { url = "https://files.pythonhosted.org/packages/57/c9/e69b1ff4c8b69093ef08b8919ab767af0569666865b39c30a8795d88d3c6/ruff-0.15.22-py3-none-win_arm64.whl", hash = "sha256:e1168075b72158510839f250027659cdd78476f40507dd517892304c41318661", size = 11298172, upload-time = "2026-07-16T15:14:10.51Z" },
]

[[package]]
name = "shellingham"
version = "1.5.4"
source = { registry = "https://pypi.org/simple" }
sdist = { url = "https://files.pythonhosted.org/packages/58/15/8b3609fd3830ef7b27b655beb4b4e9c62313a4e8da8c676e142cc210d58e/shellingham-1.5.4.tar.gz", hash = "sha256:8dbca0739d487e5bd35ab3ca4b36e11c4078f3a234bfce294b0a0291363404de", size = 10310, upload-time = "2023-10-24T04:13:40.426Z" }
wheels = [
    { url = "https://files.pythonhosted.org/packages/e0/f9/0595336914c5619e5f28a1fb793285925a8cd4b432c9da0a987836c7f822/shellingham-1.5.4-py2.py3-none-any.whl", hash = "sha256:7ecfff8f2fd72616f7481040475a65b2bf8af90a56c89140852d1120324e8686", size = 9755, upload-time = "2023-10-24T04:13:38.866Z" },
]

[[package]]
name = "templa"
version = "0.0.0"
source = { editable = "." }
dependencies = [
    { name = "typer" },
]

[package.optional-dependencies]
dev = [
    { name = "ruff" },
    { name = "ty" },
]

[package.metadata]
requires-dist = [
    { name = "ruff", marker = "extra == 'dev'", specifier = ">=0.15.22" },
    { name = "ty", marker = "extra == 'dev'", specifier = ">=0.0.57" },
    { name = "typer", specifier = ">=0.27.0" },
]
provides-extras = ["dev"]

[[package]]
name = "ty"
version = "0.0.57"
source = { registry = "https://pypi.org/simple" }
sdist = { url = "https://files.pythonhosted.org/packages/19/16/d01c968d405acae51c07872e80f30f3a586235bdf52c9847ca0917a230a3/ty-0.0.57.tar.gz", hash = "sha256:bc058f564868690283a0420d09c269ec8be21e8e43b4b49ee975a17623092e44", size = 6100787, upload-time = "2026-07-08T11:33:59.904Z" }
wheels = [
    { url = "https://files.pythonhosted.org/packages/3e/9c/a7948b05f2a3f43d511f88ef5c4f56d7edb8acc8caa5f56d7c5831f52c84/ty-0.0.57-py3-none-linux_armv6l.whl", hash = "sha256:cb6d3371dd8c78950b75bee31a36b94564a54a1f0eecafbbf05715ac1a5287d6", size = 11760058, upload-time = "2026-07-08T11:33:18.671Z" },
    { url = "https://files.pythonhosted.org/packages/6e/92/3776380decba3965bcaa1ea2b56f5b133aa3ef549bfbe4b79eb122dcc15d/ty-0.0.57-py3-none-macosx_10_12_x86_64.whl", hash = "sha256:e58b90491a48ec757bd50f512f3eb92c1c64b7d46a4db83677e9b60222e1d2bb", size = 11492105, upload-time = "2026-07-08T11:33:21.267Z" },
    { url = "https://files.pythonhosted.org/packages/13/be/912f8422d06fd1e29805a7c781e3ce4c821917e0e3d00f0cf176c0529469/ty-0.0.57-py3-none-macosx_11_0_arm64.whl", hash = "sha256:dbb8207f75122c658ca21bf405cea8202e490240440461ae3e0c5a6f67ae668f", size = 11078675, upload-time = "2026-07-08T11:33:23.804Z" },
    { url = "https://files.pythonhosted.org/packages/06/86/6ed526df554b491ce3d07bbec04f7a10304243bc994ab989352c85134b1e/ty-0.0.57-py3-none-manylinux_2_17_aarch64.manylinux2014_aarch64.whl", hash = "sha256:651243f391809de80b01be1729c5d0cecc7b952d7d22cfbf56f0b4f069703195", size = 11614379, upload-time = "2026-07-08T11:33:26.041Z" },
    { url = "https://files.pythonhosted.org/packages/0d/95/78af20f309abce31fa616e0142f85756e665a9965669b823181ff695ffec/ty-0.0.57-py3-none-manylinux_2_17_armv7l.manylinux2014_armv7l.whl", hash = "sha256:28c5392bbd7c4d6a4c1b1646a709231db675dc094f49bf71b7de83757125e93b", size = 11563854, upload-time = "2026-07-08T11:33:28.144Z" },
    { url = "https://files.pythonhosted.org/packages/88/dc/bf9231d5563b9e61a1eec9782184a4055afaa87259644cd9ed1376a7dc5c/ty-0.0.57-py3-none-manylinux_2_17_i686.manylinux2014_i686.whl", hash = "sha256:8d981535094ab492aaef6f71d9348bcf90e42e6de4cb50de2dd7fbabd8378360", size = 12229897, upload-time = "2026-07-08T11:33:30.262Z" },
    { url = "https://files.pythonhosted.org/packages/c0/dd/012008190a997097ebe500b9704baaad9135bfa033b9530a9b8f69f1d11f/ty-0.0.57-py3-none-manylinux_2_17_ppc64le.manylinux2014_ppc64le.whl", hash = "sha256:719b41fd6df61352866cad952d7bfb4873c893a70e806d37d0f1d30ad4f26cd5", size = 12816002, upload-time = "2026-07-08T11:33:32.747Z" },
    { url = "https://files.pythonhosted.org/packages/f4/2f/0e42c361e38e04747ed2b3d3299512edd4ea6060d8e3124e3c6f2d2465a1/ty-0.0.57-py3-none-manylinux_2_17_s390x.manylinux2014_s390x.whl", hash = "sha256:a1641a609b025e13f44115c7071b39b02675044a78fbfedef239a5f7da50b393", size = 12323420, upload-time = "2026-07-08T11:33:35.426Z" },
    { url = "https://files.pythonhosted.org/packages/c6/01/18f1e03108d1ae8e515c92fb304994a66eaafd47037f928fd42fd3a1e29d/ty-0.0.57-py3-none-manylinux_2_17_x86_64.manylinux2014_x86_64.whl", hash = "sha256:a33f96a9dd6919fe8b1d3512cd99f16be4a51388f265de135fea2c2fbf0b4317", size = 12119481, upload-time = "2026-07-08T11:33:37.808Z" },
    { url = "https://files.pythonhosted.org/packages/6a/48/570b73fb3e32554ff03aa9f6650b33a504cdfa027a8b50a5ab087e56b20d/ty-0.0.57-py3-none-manylinux_2_31_riscv64.whl", hash = "sha256:f0a1014a922b2b7f79a46e5cdbaa6feb7403a444631292b8666382a98a04de20", size = 12427299, upload-time = "2026-07-08T11:33:39.964Z" },
    { url = "https://files.pythonhosted.org/packages/b7/37/76b27f6a92e12525d09cd65d3c3b5aea419cf4782b13320db95ac3d310f0/ty-0.0.57-py3-none-musllinux_1_2_aarch64.whl", hash = "sha256:d73aaed84023bf682819f871377b255fae9098898c50475426ac9bdfcd986872", size = 11562292, upload-time = "2026-07-08T11:33:42.392Z" },
    { url = "https://files.pythonhosted.org/packages/84/8b/d0c398147b00f336595e1a00a5895b3924251205c11b8d73cb0668281f1c/ty-0.0.57-py3-none-musllinux_1_2_armv7l.whl", hash = "sha256:f3e2104704063c00ab8a757af3e95378b32624a3e8d8149aad5251877bf82959", size = 11565833, upload-time = "2026-07-08T11:33:44.778Z" },
    { url = "https://files.pythonhosted.org/packages/3e/74/dab9745e977ef38751ec710f74e40d21fddbd04a80338dd5597c98899eed/ty-0.0.57-py3-none-musllinux_1_2_i686.whl", hash = "sha256:07ad760763646d8f1567ea5d899e6d217212acd8539b7afed5a370d93693553b", size = 11864967, upload-time = "2026-07-08T11:33:47.36Z" },
    { url = "https://files.pythonhosted.org/packages/a2/57/350812143b49dac7aa655f40a1f45d4821ca9b56b75d9b68d5e603269044/ty-0.0.57-py3-none-musllinux_1_2_x86_64.whl", hash = "sha256:b4a6e1f0fee7df3e65fb0b9cbe9f99a4be39198558ed9aacc31a98d210ad7bcc", size = 12239054, upload-time = "2026-07-08T11:33:49.586Z" },
    { url = "https://files.pythonhosted.org/packages/a4/d0/b3e3d9c6cce3debda6247aa435e81d18ec62fabfec13f35f6c6957066f47/ty-0.0.57-py3-none-win32.whl", hash = "sha256:f8d488c0535a8f0386dbe2c9bcb31d467ae0c68d0c9945113018937828ebaabb", size = 11225353, upload-time = "2026-07-08T11:33:52.569Z" },
    { url = "https://files.pythonhosted.org/packages/77/db/6ce240ee31413f9dc7467e31377553e92e2664252ee7d33aa9290a7a94bb/ty-0.0.57-py3-none-win_amd64.whl", hash = "sha256:de9529a7dcc3e529b08c14634dc4e7066ebea5cd55006afc02bde8033efe7c91", size = 12272419, upload-time = "2026-07-08T11:33:54.889Z" },
    { url = "https://files.pythonhosted.org/packages/44/de/48662fa2c42289f309eeb8b5539cbe840e10002b65ac0700cb7889e92532/ty-0.0.57-py3-none-win_arm64.whl", hash = "sha256:7f3352777ce40c4906145f3c3e10b71716d8d35c0c9e3a0070d84f61dda0755f", size = 11686309, upload-time = "2026-07-08T11:33:57.246Z" },
]

[[package]]
name = "typer"
version = "0.27.0"
source = { registry = "https://pypi.org/simple" }
dependencies = [
    { name = "annotated-doc" },
    { name = "colorama", marker = "sys_platform == 'win32'" },
    { name = "rich" },
    { name = "shellingham" },
]
sdist = { url = "https://files.pythonhosted.org/packages/37/78/fda3361b56efc27944f24225f6ecd13d96d6fcfe37bd0eb34e2f4c63f9fc/typer-0.27.0.tar.gz", hash = "sha256:629bd12ea5d13a17148125d9a264f949eb171fb3f120f9b04d85873cab054fa5", size = 203430, upload-time = "2026-07-15T19:21:07.007Z" }
wheels = [
    { url = "https://files.pythonhosted.org/packages/40/03/26a383c9e58c213199d1aad1c3d353cfc22d4444ec6d2c0bf8ad02523843/typer-0.27.0-py3-none-any.whl", hash = "sha256:6f4b27631e47f077871b7dc30e933ec0131c1390fbe0e387ea5574b5bac9ccf1", size = 122716, upload-time = "2026-07-15T19:21:05.553Z" },
]
